
Microsoft Visual Studio Solution File, Format Version 12.00
# Visual Studio 2013
VisualStudioVersion = 12.0.30723.0
MinimumVisualStudioVersion = 10.0.40219.1
Project("{FAE04EC0-301F-11D3-BF4B-00C04F79EFBC}") = "Yathzee", "Yathzee\Yathzee.csproj", "{9708EBAD-08D7-4838-AD46-DA4A8636FD77}"
EndProject
Project("{FAE04EC0-301F-11D3-BF4B-00C04F79EFBC}") = "YathzeeUnitTest", "YathzeeUnitTest\YathzeeUnitTest.csproj", "{7E1B02EC-FF24-45C3-BEF6-455DE6030607}"
EndProject
Global
	GlobalSection(SolutionConfigurationPlatforms) = preSolution
		Debug|Any CPU = Debug|Any CPU
		Release|Any CPU = Release|Any CPU
	EndGlobalSection
	GlobalSection(ProjectConfigurationPlatforms) = postSolution
		{9708EBAD-08D7-4838-AD46-DA4A8636FD77}.Debug|Any CPU.ActiveCfg = Debug|Any CPU
		{9708EBAD-08D7-4838-AD46-DA4A8636FD77}.Debug|Any CPU.Build.0 = Debug|Any CPU
		{9708EBAD-08D7-4838-AD46-DA4A8636FD77}.Release|Any CPU.ActiveCfg = Release|Any CPU
		{9708EBAD-08D7-4838-AD46-DA4A8636FD77}.Release|Any CPU.Build.0 = Release|Any CPU
		{7E1B02EC-FF24-45C3-BEF6-455DE6030607}.Debug|Any CPU.ActiveCfg = Debug|Any CPU
		{7E1B02EC-FF24-45C3-BEF6-455DE6030607}.Debug|Any CPU.Build.0 = Debug|Any CPU
		{7E1B02EC-FF24-45C3-BEF6-455DE6030607}.Release|Any CPU.ActiveCfg = Release|Any CPU
		{7E1B02EC-FF24-45C3-BEF6-455DE6030607}.Release|Any CPU.Build.0 = Release|Any CPU
	EndGlobalSection
	GlobalSection(SolutionProperties) = preSolution
		HideSolutionNode = FALSE
	EndGlobalSection
EndGlobal
